<?xml version="1.0" encoding="utf-8"?>
<Project ToolsVersion="17.0" xmlns="http://schemas.microsoft.com/developer/msbuild/2003">
  <ItemGroup>
    <CustomBuild Include="Z:\TeamCity\work\283bde3fda0d76e7\build\temp.win32-cpython-39\Release\CMakeFiles\b38633d8f581ea484f922a7da1624494\INSTALL_force.rule">
      <Filter>CMake Rules</Filter>
    </CustomBuild>
  </ItemGroup>
  <ItemGroup>
    <Filter Include="CMake Rules">
      <UniqueIdentifier>{44DB19F1-8154-3323-ADD1-CF537ECD8D54}</UniqueIdentifier>
    </Filter>
  </ItemGroup>
</Project>
