<?xml version="1.0" encoding="utf-8"?>
<Project ToolsVersion="17.0" xmlns="http://schemas.microsoft.com/developer/msbuild/2003">
  <ItemGroup>
    <CustomBuild Include="Z:\TeamCity\work\283bde3fda0d76e7\build\temp.win32-3.6\Release\CMakeFiles\4b6621483189cab9a83e7ac70f04d1ce\INSTALL_force.rule">
      <Filter>CMake Rules</Filter>
    </CustomBuild>
  </ItemGroup>
  <ItemGroup>
    <Filter Include="CMake Rules">
      <UniqueIdentifier>{9997EAEE-115F-384F-A306-D58DDA44470B}</UniqueIdentifier>
    </Filter>
  </ItemGroup>
</Project>
