<?xml version="1.0" encoding="utf-8"?>
<Project ToolsVersion="17.0" xmlns="http://schemas.microsoft.com/developer/msbuild/2003">
  <ItemGroup>
    <CustomBuild Include="Z:\TeamCity\work\283bde3fda0d76e7\build\temp.win-amd64-cpython-311\Release\CMakeFiles\595068cb55a7cde7c58e64a8e8e484c6\INSTALL_force.rule">
      <Filter>CMake Rules</Filter>
    </CustomBuild>
  </ItemGroup>
  <ItemGroup>
    <Filter Include="CMake Rules">
      <UniqueIdentifier>{C4C190E5-FFEF-33EE-9A12-E57F67643204}</UniqueIdentifier>
    </Filter>
  </ItemGroup>
</Project>
